{
  "requires": true,
  "lockfileVersion": 1,
  "dependencies": {
    "eslint-plugin-react-hooks": {
      "version": "2.5.1",
      "resolved": "https://registry.npmjs.org/eslint-plugin-react-hooks/-/eslint-plugin-react-hooks-2.5.1.tgz",
      "integrity": "sha512-Y2c4b55R+6ZzwtTppKwSmK/Kar8AdLiC2f9NADCuxbcTgPPg41Gyqa6b9GppgXSvCtkRw43ZE86CT5sejKC6/g=="
    },
    "react-use-form-state": {
      "version": "0.12.1",
      "resolved": "https://registry.npmjs.org/react-use-form-state/-/react-use-form-state-0.12.1.tgz",
      "integrity": "sha512-umRm8m3DzscibP7nfC/d95UJ7NhDfF7UbvBvCzds5z52NmZUzgnZsETTYs95h6dqlvl5+BcIcCjXh9LIxDhJ7g=="
    }
  }
}
